
Microsoft Visual Studio Solution File, Format Version 12.00
# Visual Studio 14
VisualStudioVersion = 14.0.25420.1
MinimumVisualStudioVersion = 10.0.40219.1
Project("{8BC9CEB8-8B4A-11D0-8D11-00A0C91BC942}") = "Training", "01Days\01Days.vcxproj", "{517CE6A1-BF6C-46D7-8F13-2E3F47F8F845}"
EndProject
Project("{8BC9CEB8-8B4A-11D0-8D11-00A0C91BC942}") = "WeekTrain", "WeekTrain\WeekTrain.vcxproj", "{58188BDF-2149-4396-8122-BCCA53D7382E}"
EndProject
Project("{8BC9CEB8-8B4A-11D0-8D11-00A0C91BC942}") = "01 Mon", "Mon\Mon.vcxproj", "{D5CF19C4-7EFA-474A-82F1-5665359A9968}"
EndProject
Project("{8BC9CEB8-8B4A-11D0-8D11-00A0C91BC942}") = "03 Wed", "Wed\Wed.vcxproj", "{9802447F-178F-455B-B2B0-85826F467229}"
EndProject
Project("{8BC9CEB8-8B4A-11D0-8D11-00A0C91BC942}") = "03 Wed(Train)", "03 Wed(Train)\03 Wed(Train).vcxproj", "{95C28B01-AFF4-4609-8C30-CAAB6E548426}"
EndProject
Project("{8BC9CEB8-8B4A-11D0-8D11-00A0C91BC942}") = "04 Thurs", "Thurs\Thurs.vcxproj", "{9D0D88EF-19B4-4D77-80BC-A2DCDDB44A53}"
EndProject
Project("{8BC9CEB8-8B4A-11D0-8D11-00A0C91BC942}") = "05 Fri", "05 Fri\05 Fri.vcxproj", "{2705E0FA-0448-40FC-AFBD-B3ABFF230E5F}"
EndProject
Global
	GlobalSection(SolutionConfigurationPlatforms) = preSolution
		Debug|x64 = Debug|x64
		Debug|x86 = Debug|x86
		Release|x64 = Release|x64
		Release|x86 = Release|x86
	EndGlobalSection
	GlobalSection(ProjectConfigurationPlatforms) = postSolution
		{517CE6A1-BF6C-46D7-8F13-2E3F47F8F845}.Debug|x64.ActiveCfg = Debug|x64
		{517CE6A1-BF6C-46D7-8F13-2E3F47F8F845}.Debug|x64.Build.0 = Debug|x64
		{517CE6A1-BF6C-46D7-8F13-2E3F47F8F845}.Debug|x86.ActiveCfg = Debug|Win32
		{517CE6A1-BF6C-46D7-8F13-2E3F47F8F845}.Debug|x86.Build.0 = Debug|Win32
		{517CE6A1-BF6C-46D7-8F13-2E3F47F8F845}.Release|x64.ActiveCfg = Release|x64
		{517CE6A1-BF6C-46D7-8F13-2E3F47F8F845}.Release|x64.Build.0 = Release|x64
		{517CE6A1-BF6C-46D7-8F13-2E3F47F8F845}.Release|x86.ActiveCfg = Release|Win32
		{517CE6A1-BF6C-46D7-8F13-2E3F47F8F845}.Release|x86.Build.0 = Release|Win32
		{58188BDF-2149-4396-8122-BCCA53D7382E}.Debug|x64.ActiveCfg = Debug|x64
		{58188BDF-2149-4396-8122-BCCA53D7382E}.Debug|x64.Build.0 = Debug|x64
		{58188BDF-2149-4396-8122-BCCA53D7382E}.Debug|x86.ActiveCfg = Debug|Win32
		{58188BDF-2149-4396-8122-BCCA53D7382E}.Debug|x86.Build.0 = Debug|Win32
		{58188BDF-2149-4396-8122-BCCA53D7382E}.Release|x64.ActiveCfg = Release|x64
		{58188BDF-2149-4396-8122-BCCA53D7382E}.Release|x64.Build.0 = Release|x64
		{58188BDF-2149-4396-8122-BCCA53D7382E}.Release|x86.ActiveCfg = Release|Win32
		{58188BDF-2149-4396-8122-BCCA53D7382E}.Release|x86.Build.0 = Release|Win32
		{D5CF19C4-7EFA-474A-82F1-5665359A9968}.Debug|x64.ActiveCfg = Debug|x64
		{D5CF19C4-7EFA-474A-82F1-5665359A9968}.Debug|x64.Build.0 = Debug|x64
		{D5CF19C4-7EFA-474A-82F1-5665359A9968}.Debug|x86.ActiveCfg = Debug|Win32
		{D5CF19C4-7EFA-474A-82F1-5665359A9968}.Debug|x86.Build.0 = Debug|Win32
		{D5CF19C4-7EFA-474A-82F1-5665359A9968}.Release|x64.ActiveCfg = Release|x64
		{D5CF19C4-7EFA-474A-82F1-5665359A9968}.Release|x64.Build.0 = Release|x64
		{D5CF19C4-7EFA-474A-82F1-5665359A9968}.Release|x86.ActiveCfg = Release|Win32
		{D5CF19C4-7EFA-474A-82F1-5665359A9968}.Release|x86.Build.0 = Release|Win32
		{9802447F-178F-455B-B2B0-85826F467229}.Debug|x64.ActiveCfg = Debug|x64
		{9802447F-178F-455B-B2B0-85826F467229}.Debug|x64.Build.0 = Debug|x64
		{9802447F-178F-455B-B2B0-85826F467229}.Debug|x86.ActiveCfg = Debug|Win32
		{9802447F-178F-455B-B2B0-85826F467229}.Debug|x86.Build.0 = Debug|Win32
		{9802447F-178F-455B-B2B0-85826F467229}.Release|x64.ActiveCfg = Release|x64
		{9802447F-178F-455B-B2B0-85826F467229}.Release|x64.Build.0 = Release|x64
		{9802447F-178F-455B-B2B0-85826F467229}.Release|x86.ActiveCfg = Release|Win32
		{9802447F-178F-455B-B2B0-85826F467229}.Release|x86.Build.0 = Release|Win32
		{95C28B01-AFF4-4609-8C30-CAAB6E548426}.Debug|x64.ActiveCfg = Debug|x64
		{95C28B01-AFF4-4609-8C30-CAAB6E548426}.Debug|x64.Build.0 = Debug|x64
		{95C28B01-AFF4-4609-8C30-CAAB6E548426}.Debug|x86.ActiveCfg = Debug|Win32
		{95C28B01-AFF4-4609-8C30-CAAB6E548426}.Debug|x86.Build.0 = Debug|Win32
		{95C28B01-AFF4-4609-8C30-CAAB6E548426}.Release|x64.ActiveCfg = Release|x64
		{95C28B01-AFF4-4609-8C30-CAAB6E548426}.Release|x64.Build.0 = Release|x64
		{95C28B01-AFF4-4609-8C30-CAAB6E548426}.Release|x86.ActiveCfg = Release|Win32
		{95C28B01-AFF4-4609-8C30-CAAB6E548426}.Release|x86.Build.0 = Release|Win32
		{9D0D88EF-19B4-4D77-80BC-A2DCDDB44A53}.Debug|x64.ActiveCfg = Debug|x64
		{9D0D88EF-19B4-4D77-80BC-A2DCDDB44A53}.Debug|x64.Build.0 = Debug|x64
		{9D0D88EF-19B4-4D77-80BC-A2DCDDB44A53}.Debug|x86.ActiveCfg = Debug|Win32
		{9D0D88EF-19B4-4D77-80BC-A2DCDDB44A53}.Debug|x86.Build.0 = Debug|Win32
		{9D0D88EF-19B4-4D77-80BC-A2DCDDB44A53}.Release|x64.ActiveCfg = Release|x64
		{9D0D88EF-19B4-4D77-80BC-A2DCDDB44A53}.Release|x64.Build.0 = Release|x64
		{9D0D88EF-19B4-4D77-80BC-A2DCDDB44A53}.Release|x86.ActiveCfg = Release|Win32
		{9D0D88EF-19B4-4D77-80BC-A2DCDDB44A53}.Release|x86.Build.0 = Release|Win32
		{2705E0FA-0448-40FC-AFBD-B3ABFF230E5F}.Debug|x64.ActiveCfg = Debug|x64
		{2705E0FA-0448-40FC-AFBD-B3ABFF230E5F}.Debug|x64.Build.0 = Debug|x64
		{2705E0FA-0448-40FC-AFBD-B3ABFF230E5F}.Debug|x86.ActiveCfg = Debug|Win32
		{2705E0FA-0448-40FC-AFBD-B3ABFF230E5F}.Debug|x86.Build.0 = Debug|Win32
		{2705E0FA-0448-40FC-AFBD-B3ABFF230E5F}.Release|x64.ActiveCfg = Release|x64
		{2705E0FA-0448-40FC-AFBD-B3ABFF230E5F}.Release|x64.Build.0 = Release|x64
		{2705E0FA-0448-40FC-AFBD-B3ABFF230E5F}.Release|x86.ActiveCfg = Release|Win32
		{2705E0FA-0448-40FC-AFBD-B3ABFF230E5F}.Release|x86.Build.0 = Release|Win32
	EndGlobalSection
	GlobalSection(SolutionProperties) = preSolution
		HideSolutionNode = FALSE
	EndGlobalSection
EndGlobal
